
Microsoft Visual Studio Solution File, Format Version 12.00
# Visual Studio Version 17
VisualStudioVersion = 17.10.34916.146
MinimumVisualStudioVersion = 10.0.40219.1
Project("{2150E333-8FDC-42A3-9474-1A3956D46DE8}") = "Services", "Services", "{D5F88F4A-0288-44B5-9728-37B8E9D4C9E1}"
EndProject
Project("{2150E333-8FDC-42A3-9474-1A3956D46DE8}") = "Gateway", "Gateway", "{CFF10EA6-8B98-4E18-BCB7-A1A62ECC7AC8}"
EndProject
Project("{2150E333-8FDC-42A3-9474-1A3956D46DE8}") = "Shared", "Shared", "{EA60F8A6-006B-4C59-9BF4-660F2B57967E}"
EndProject
Project("{FAE04EC0-301F-11D3-BF4B-00C04F79EFBC}") = "ChatApp.Database", "Shared\ChatApp.Database\ChatApp.Database.csproj", "{8A9BB104-8424-4B28-B533-1A1C11FAA9CB}"
EndProject
Project("{FAE04EC0-301F-11D3-BF4B-00C04F79EFBC}") = "ChatApp.Filters", "Shared\ChatApp.Filters\ChatApp.Filters.csproj", "{B9D41E2A-6A53-47C9-B89D-A53AE6F31A91}"
EndProject
Project("{FAE04EC0-301F-11D3-BF4B-00C04F79EFBC}") = "ChatApp.Models", "Shared\ChatApp.Models\ChatApp.Models.csproj", "{695210B7-2C7B-4C9E-85E8-83350F591C25}"
EndProject
Project("{FAE04EC0-301F-11D3-BF4B-00C04F79EFBC}") = "ChatApp.Utils", "Shared\ChatApp.Utils\ChatApp.Utils.csproj", "{46F69013-AE9D-4A6D-A14B-F8EFC6AB725E}"
EndProject
Project("{FAE04EC0-301F-11D3-BF4B-00C04F79EFBC}") = "ChatApp.AuthAPI", "Services\ChatApp.AuthAPI\ChatApp.AuthAPI.csproj", "{00FFDA8A-E1CF-4684-95C7-4621BDA15459}"
EndProject
Project("{FAE04EC0-301F-11D3-BF4B-00C04F79EFBC}") = "ChatApp.MobileAPI", "Services\ChatApp.MobileAPI\ChatApp.MobileAPI.csproj", "{8EB7C5BD-916A-4B26-B428-24059802727F}"
EndProject
Project("{FAE04EC0-301F-11D3-BF4B-00C04F79EFBC}") = "ChatApp.SignalR", "Services\ChatApp.SignalR\ChatApp.SignalR.csproj", "{105066D5-4A6E-4D74-AC37-3F4CE99BEAEF}"
EndProject
Project("{FAE04EC0-301F-11D3-BF4B-00C04F79EFBC}") = "ChatApp.MessagingAPI", "Services\ChatApp.MessagingAPI\ChatApp.MessagingAPI.csproj", "{7BA4EBF2-D82F-4EB2-A0BB-90B4BCD1DA73}"
EndProject
Project("{FAE04EC0-301F-11D3-BF4B-00C04F79EFBC}") = "ChatApp.Gateway", "Gateway\ChatApp.Gateway\ChatApp.Gateway.csproj", "{2910E94C-D14A-4A1A-A33B-2EFF02EC7511}"
EndProject
Global
	GlobalSection(SolutionConfigurationPlatforms) = preSolution
		Debug|Any CPU = Debug|Any CPU
		Release|Any CPU = Release|Any CPU
	EndGlobalSection
	GlobalSection(ProjectConfigurationPlatforms) = postSolution
		{8A9BB104-8424-4B28-B533-1A1C11FAA9CB}.Debug|Any CPU.ActiveCfg = Debug|Any CPU
		{8A9BB104-8424-4B28-B533-1A1C11FAA9CB}.Debug|Any CPU.Build.0 = Debug|Any CPU
		{8A9BB104-8424-4B28-B533-1A1C11FAA9CB}.Release|Any CPU.ActiveCfg = Release|Any CPU
		{8A9BB104-8424-4B28-B533-1A1C11FAA9CB}.Release|Any CPU.Build.0 = Release|Any CPU
		{B9D41E2A-6A53-47C9-B89D-A53AE6F31A91}.Debug|Any CPU.ActiveCfg = Debug|Any CPU
		{B9D41E2A-6A53-47C9-B89D-A53AE6F31A91}.Debug|Any CPU.Build.0 = Debug|Any CPU
		{B9D41E2A-6A53-47C9-B89D-A53AE6F31A91}.Release|Any CPU.ActiveCfg = Release|Any CPU
		{B9D41E2A-6A53-47C9-B89D-A53AE6F31A91}.Release|Any CPU.Build.0 = Release|Any CPU
		{695210B7-2C7B-4C9E-85E8-83350F591C25}.Debug|Any CPU.ActiveCfg = Debug|Any CPU
		{695210B7-2C7B-4C9E-85E8-83350F591C25}.Debug|Any CPU.Build.0 = Debug|Any CPU
		{695210B7-2C7B-4C9E-85E8-83350F591C25}.Release|Any CPU.ActiveCfg = Release|Any CPU
		{695210B7-2C7B-4C9E-85E8-83350F591C25}.Release|Any CPU.Build.0 = Release|Any CPU
		{46F69013-AE9D-4A6D-A14B-F8EFC6AB725E}.Debug|Any CPU.ActiveCfg = Debug|Any CPU
		{46F69013-AE9D-4A6D-A14B-F8EFC6AB725E}.Debug|Any CPU.Build.0 = Debug|Any CPU
		{46F69013-AE9D-4A6D-A14B-F8EFC6AB725E}.Release|Any CPU.ActiveCfg = Release|Any CPU
		{46F69013-AE9D-4A6D-A14B-F8EFC6AB725E}.Release|Any CPU.Build.0 = Release|Any CPU
		{00FFDA8A-E1CF-4684-95C7-4621BDA15459}.Debug|Any CPU.ActiveCfg = Debug|Any CPU
		{00FFDA8A-E1CF-4684-95C7-4621BDA15459}.Debug|Any CPU.Build.0 = Debug|Any CPU
		{00FFDA8A-E1CF-4684-95C7-4621BDA15459}.Release|Any CPU.ActiveCfg = Release|Any CPU
		{00FFDA8A-E1CF-4684-95C7-4621BDA15459}.Release|Any CPU.Build.0 = Release|Any CPU
		{8EB7C5BD-916A-4B26-B428-24059802727F}.Debug|Any CPU.ActiveCfg = Debug|Any CPU
		{8EB7C5BD-916A-4B26-B428-24059802727F}.Debug|Any CPU.Build.0 = Debug|Any CPU
		{8EB7C5BD-916A-4B26-B428-24059802727F}.Release|Any CPU.ActiveCfg = Release|Any CPU
		{8EB7C5BD-916A-4B26-B428-24059802727F}.Release|Any CPU.Build.0 = Release|Any CPU
		{105066D5-4A6E-4D74-AC37-3F4CE99BEAEF}.Debug|Any CPU.ActiveCfg = Debug|Any CPU
		{105066D5-4A6E-4D74-AC37-3F4CE99BEAEF}.Debug|Any CPU.Build.0 = Debug|Any CPU
		{105066D5-4A6E-4D74-AC37-3F4CE99BEAEF}.Release|Any CPU.ActiveCfg = Release|Any CPU
		{105066D5-4A6E-4D74-AC37-3F4CE99BEAEF}.Release|Any CPU.Build.0 = Release|Any CPU
		{7BA4EBF2-D82F-4EB2-A0BB-90B4BCD1DA73}.Debug|Any CPU.ActiveCfg = Debug|Any CPU
		{7BA4EBF2-D82F-4EB2-A0BB-90B4BCD1DA73}.Debug|Any CPU.Build.0 = Debug|Any CPU
		{7BA4EBF2-D82F-4EB2-A0BB-90B4BCD1DA73}.Release|Any CPU.ActiveCfg = Release|Any CPU
		{7BA4EBF2-D82F-4EB2-A0BB-90B4BCD1DA73}.Release|Any CPU.Build.0 = Release|Any CPU
		{2910E94C-D14A-4A1A-A33B-2EFF02EC7511}.Debug|Any CPU.ActiveCfg = Debug|Any CPU
		{2910E94C-D14A-4A1A-A33B-2EFF02EC7511}.Debug|Any CPU.Build.0 = Debug|Any CPU
		{2910E94C-D14A-4A1A-A33B-2EFF02EC7511}.Release|Any CPU.ActiveCfg = Release|Any CPU
		{2910E94C-D14A-4A1A-A33B-2EFF02EC7511}.Release|Any CPU.Build.0 = Release|Any CPU
	EndGlobalSection
	GlobalSection(SolutionProperties) = preSolution
		HideSolutionNode = FALSE
	EndGlobalSection
	GlobalSection(NestedProjects) = preSolution
		{8A9BB104-8424-4B28-B533-1A1C11FAA9CB} = {EA60F8A6-006B-4C59-9BF4-660F2B57967E}
		{B9D41E2A-6A53-47C9-B89D-A53AE6F31A91} = {EA60F8A6-006B-4C59-9BF4-660F2B57967E}
		{695210B7-2C7B-4C9E-85E8-83350F591C25} = {EA60F8A6-006B-4C59-9BF4-660F2B57967E}
		{46F69013-AE9D-4A6D-A14B-F8EFC6AB725E} = {EA60F8A6-006B-4C59-9BF4-660F2B57967E}
		{00FFDA8A-E1CF-4684-95C7-4621BDA15459} = {D5F88F4A-0288-44B5-9728-37B8E9D4C9E1}
		{8EB7C5BD-916A-4B26-B428-24059802727F} = {D5F88F4A-0288-44B5-9728-37B8E9D4C9E1}
		{105066D5-4A6E-4D74-AC37-3F4CE99BEAEF} = {D5F88F4A-0288-44B5-9728-37B8E9D4C9E1}
		{7BA4EBF2-D82F-4EB2-A0BB-90B4BCD1DA73} = {D5F88F4A-0288-44B5-9728-37B8E9D4C9E1}
		{2910E94C-D14A-4A1A-A33B-2EFF02EC7511} = {CFF10EA6-8B98-4E18-BCB7-A1A62ECC7AC8}
	EndGlobalSection
	GlobalSection(ExtensibilityGlobals) = postSolution
		SolutionGuid = {56A5EB82-4B31-4AB2-9B2D-7D7ECB4AC472}
	EndGlobalSection
EndGlobal
